
Microsoft Visual Studio Solution File, Format Version 12.00
Project("{2150E333-8FDC-42A3-9474-1A3956D46DE8}") = "Solution Items", "Solution Items", "{523C01A7-FF2D-47BA-BB46-64C3872C20F9}"
	ProjectSection(SolutionItems) = preProject
		compose.yaml = compose.yaml
	EndProjectSection
EndProject
Project("{FAE04EC0-301F-11D3-BF4B-00C04F79EFBC}") = "MonApiTMDB", "MonApiTMDB.csproj", "{B3091307-3CB0-46D4-96F6-142A3DCA4365}"
EndProject
Global
	GlobalSection(SolutionConfigurationPlatforms) = preSolution
		Debug|Any CPU = Debug|Any CPU
		Release|Any CPU = Release|Any CPU
	EndGlobalSection
	GlobalSection(ProjectConfigurationPlatforms) = postSolution
		{B3091307-3CB0-46D4-96F6-142A3DCA4365}.Debug|Any CPU.ActiveCfg = Debug|Any CPU
		{B3091307-3CB0-46D4-96F6-142A3DCA4365}.Debug|Any CPU.Build.0 = Debug|Any CPU
		{B3091307-3CB0-46D4-96F6-142A3DCA4365}.Release|Any CPU.ActiveCfg = Release|Any CPU
		{B3091307-3CB0-46D4-96F6-142A3DCA4365}.Release|Any CPU.Build.0 = Release|Any CPU
	EndGlobalSection
EndGlobal
